// !$*UTF8*$!
{
	archiveVersion = 1;
	classes = {
	};
	objectVersion = 50;
	objects = {

/* Begin PBXBuildFile section */
		B985395E26F4F29F00F368C6 /* AppDelegate.swift in Sources */ = {isa = PBXBuildFile; fileRef = B985395D26F4F29F00F368C6 /* AppDelegate.swift */; };
		B985396026F4F29F00F368C6 /* SceneDelegate.swift in Sources */ = {isa = PBXBuildFile; fileRef = B985395F26F4F29F00F368C6 /* SceneDelegate.swift */; };
		B985396226F4F29F00F368C6 /* ViewController.swift in Sources */ = {isa = PBXBuildFile; fileRef = B985396126F4F29F00F368C6 /* ViewController.swift */; };
		B985396526F4F29F00F368C6 /* Main.storyboard in Resources */ = {isa = PBXBuildFile; fileRef = B985396326F4F29F00F368C6 /* Main.storyboard */; };
		B985396726F4F2A000F368C6 /* Assets.xcassets in Resources */ = {isa = PBXBuildFile; fileRef = B985396626F4F2A000F368C6 /* Assets.xcassets */; };
		B985396A26F4F2A000F368C6 /* LaunchScreen.storyboard in Resources */ = {isa = PBXBuildFile; fileRef = B985396826F4F2A000F368C6 /* LaunchScreen.storyboard */; };
		B985397526F4F2A000F368C6 /* LeBaluchonTests.swift in Sources */ = {isa = PBXBuildFile; fileRef = B985397426F4F2A000F368C6 /* LeBaluchonTests.swift */; };
		B985398026F4F2A000F368C6 /* LeBaluchonUITests.swift in Sources */ = {isa = PBXBuildFile; fileRef = B985397F26F4F2A000F368C6 /* LeBaluchonUITests.swift */; };
/* End PBXBuildFile section */

/* Begin PBXContainerItemProxy section */
		B985397126F4F2A000F368C6 /* PBXContainerItemProxy */ = {
			isa = PBXContainerItemProxy;
			containerPortal = B985395226F4F29F00F368C6 /* Project object */;
			proxyType = 1;
			remoteGlobalIDString = B985395926F4F29F00F368C6;
			remoteInfo = LeBaluchon;
		};
		B985397C26F4F2A000F368C6 /* PBXContainerItemProxy */ = {
			isa = PBXContainerItemProxy;
			containerPortal = B985395226F4F29F00F368C6 /* Project object */;
			proxyType = 1;
			remoteGlobalIDString = B985395926F4F29F00F368C6;
			remoteInfo = LeBaluchon;
		};
/* End PBXContainerItemProxy section */

/* Begin PBXFileReference section */
		B985395A26F4F29F00F368C6 /* LeBaluchon.app */ = {isa = PBXFileReference; explicitFileType = wrapper.application; includeInIndex = 0; path = LeBaluchon.app; sourceTree = BUILT_PRODUCTS_DIR; };
		B985395D26F4F29F00F368C6 /* AppDelegate.swift */ = {isa = PBXFileReference; lastKnownFileType = sourcecode.swift; path = AppDelegate.swift; sourceTree = "<group>"; };
		B985395F26F4F29F00F368C6 /* SceneDelegate.swift */ = {isa = PBXFileReference; lastKnownFileType = sourcecode.swift; path = SceneDelegate.swift; sourceTree = "<group>"; };
		B985396126F4F29F00F368C6 /* ViewController.swift */ = {isa = PBXFileReference; lastKnownFileType = sourcecode.swift; path = ViewController.swift; sourceTree = "<group>"; };
		B985396426F4F29F00F368C6 /* Base */ = {isa = PBXFileReference; lastKnownFileType = file.storyboard; name = Base; path = Base.lproj/Main.storyboard; sourceTree = "<group>"; };
		B985396626F4F2A000F368C6 /* Assets.xcassets */ = {isa = PBXFileReference; lastKnownFileType = folder.assetcatalog; path = Assets.xcassets; sourceTree = "<group>"; };
		B985396926F4F2A000F368C6 /* Base */ = {isa = PBXFileReference; lastKnownFileType = file.storyboard; name = Base; path = Base.lproj/LaunchScreen.storyboard; sourceTree = "<group>"; };
		B985396B26F4F2A000F368C6 /* Info.plist */ = {isa = PBXFileReference; lastKnownFileType = text.plist.xml; path = Info.plist; sourceTree = "<group>"; };
		B985397026F4F2A000F368C6 /* LeBaluchonTests.xctest */ = {isa = PBXFileReference; explicitFileType = wrapper.cfbundle; includeInIndex = 0; path = LeBaluchonTests.xctest; sourceTree = BUILT_PRODUCTS_DIR; };
		B985397426F4F2A000F368C6 /* LeBaluchonTests.swift */ = {isa = PBXFileReference; lastKnownFileType = sourcecode.swift; path = LeBaluchonTests.swift; sourceTree = "<group>"; };
		B985397626F4F2A000F368C6 /* Info.plist */ = {isa = PBXFileReference; lastKnownFileType = text.plist.xml; path = Info.plist; sourceTree = "<group>"; };
		B985397B26F4F2A000F368C6 /* LeBaluchonUITests.xctest */ = {isa = PBXFileReference; explicitFileType = wrapper.cfbundle; includeInIndex = 0; path = LeBaluchonUITests.xctest; sourceTree = BUILT_PRODUCTS_DIR; };
		B985397F26F4F2A000F368C6 /* LeBaluchonUITests.swift */ = {isa = PBXFileReference; lastKnownFileType = sourcecode.swift; path = LeBaluchonUITests.swift; sourceTree = "<group>"; };
		B985398126F4F2A000F368C6 /* Info.plist */ = {isa = PBXFileReference; lastKnownFileType = text.plist.xml; path = Info.plist; sourceTree = "<group>"; };
/* End PBXFileReference section */

/* Begin PBXFrameworksBuildPhase section */
		B985395726F4F29F00F368C6 /* Frameworks */ = {
			isa = PBXFrameworksBuildPhase;
			buildActionMask = 2147483647;
			files = (
			);
			runOnlyForDeploymentPostprocessing = 0;
		};
		B985396D26F4F2A000F368C6 /* Frameworks */ = {
			isa = PBXFrameworksBuildPhase;
			buildActionMask = 2147483647;
			files = (
			);
			runOnlyForDeploymentPostprocessing = 0;
		};
		B985397826F4F2A000F368C6 /* Frameworks */ = {
			isa = PBXFrameworksBuildPhase;
			buildActionMask = 2147483647;
			files = (
			);
			runOnlyForDeploymentPostprocessing = 0;
		};
/* End PBXFrameworksBuildPhase section */

/* Begin PBXGroup section */
		B985395126F4F29F00F368C6 = {
			isa = PBXGroup;
			children = (
				B985395C26F4F29F00F368C6 /* LeBaluchon */,
				B985397326F4F2A000F368C6 /* LeBaluchonTests */,
				B985397E26F4F2A000F368C6 /* LeBaluchonUITests */,
				B985395B26F4F29F00F368C6 /* Products */,
			);
			sourceTree = "<group>";
		};
		B985395B26F4F29F00F368C6 /* Products */ = {
			isa = PBXGroup;
			children = (
				B985395A26F4F29F00F368C6 /* LeBaluchon.app */,
				B985397026F4F2A000F368C6 /* LeBaluchonTests.xctest */,
				B985397B26F4F2A000F368C6 /* LeBaluchonUITests.xctest */,
			);
			name = Products;
			sourceTree = "<group>";
		};
		B985395C26F4F29F00F368C6 /* LeBaluchon */ = {
			isa = PBXGroup;
			children = (
				B985395D26F4F29F00F368C6 /* AppDelegate.swift */,
				B985395F26F4F29F00F368C6 /* SceneDelegate.swift */,
				B985396126F4F29F00F368C6 /* ViewController.swift */,
				B985396326F4F29F00F368C6 /* Main.storyboard */,
				B985396626F4F2A000F368C6 /* Assets.xcassets */,
				B985396826F4F2A000F368C6 /* LaunchScreen.storyboard */,
				B985396B26F4F2A000F368C6 /* Info.plist */,
			);
			path = LeBaluchon;
			sourceTree = "<group>";
		};
		B985397326F4F2A000F368C6 /* LeBaluchonTests */ = {
			isa = PBXGroup;
			children = (
				B985397426F4F2A000F368C6 /* LeBaluchonTests.swift */,
				B985397626F4F2A000F368C6 /* Info.plist */,
			);
			path = LeBaluchonTests;
			sourceTree = "<group>";
		};
		B985397E26F4F2A000F368C6 /* LeBaluchonUITests */ = {
			isa = PBXGroup;
			children = (
				B985397F26F4F2A000F368C6 /* LeBaluchonUITests.swift */,
				B985398126F4F2A000F368C6 /* Info.plist */,
			);
			path = LeBaluchonUITests;
			sourceTree = "<group>";
		};
/* End PBXGroup section */

/* Begin PBXNativeTarget section */
		B985395926F4F29F00F368C6 /* LeBaluchon */ = {
			isa = PBXNativeTarget;
			buildConfigurationList = B985398426F4F2A000F368C6 /* Build configuration list for PBXNativeTarget "LeBaluchon" */;
			buildPhases = (
				B985395626F4F29F00F368C6 /* Sources */,
				B985395726F4F29F00F368C6 /* Frameworks */,
				B985395826F4F29F00F368C6 /* Resources */,
			);
			buildRules = (
			);
			dependencies = (
			);
			name = LeBaluchon;
			productName = LeBaluchon;
			productReference = B985395A26F4F29F00F368C6 /* LeBaluchon.app */;
			productType = "com.apple.product-type.application";
		};
		B985396F26F4F2A000F368C6 /* LeBaluchonTests */ = {
			isa = PBXNativeTarget;
			buildConfigurationList = B985398726F4F2A000F368C6 /* Build configuration list for PBXNativeTarget "LeBaluchonTests" */;
			buildPhases = (
				B985396C26F4F2A000F368C6 /* Sources */,
				B985396D26F4F2A000F368C6 /* Frameworks */,
				B985396E26F4F2A000F368C6 /* Resources */,
			);
			buildRules = (
			);
			dependencies = (
				B985397226F4F2A000F368C6 /* PBXTargetDependency */,
			);
			name = LeBaluchonTests;
			productName = LeBaluchonTests;
			productReference = B985397026F4F2A000F368C6 /* LeBaluchonTests.xctest */;
			productType = "com.apple.product-type.bundle.unit-test";
		};
		B985397A26F4F2A000F368C6 /* LeBaluchonUITests */ = {
			isa = PBXNativeTarget;
			buildConfigurationList = B985398A26F4F2A000F368C6 /* Build configuration list for PBXNativeTarget "LeBaluchonUITests" */;
			buildPhases = (
				B985397726F4F2A000F368C6 /* Sources */,
				B985397826F4F2A000F368C6 /* Frameworks */,
				B985397926F4F2A000F368C6 /* Resources */,
			);
			buildRules = (
			);
			dependencies = (
				B985397D26F4F2A000F368C6 /* PBXTargetDependency */,
			);
			name = LeBaluchonUITests;
			productName = LeBaluchonUITests;
			productReference = B985397B26F4F2A000F368C6 /* LeBaluchonUITests.xctest */;
			productType = "com.apple.product-type.bundle.ui-testing";
		};
/* End PBXNativeTarget section */

/* Begin PBXProject section */
		B985395226F4F29F00F368C6 /* Project object */ = {
			isa = PBXProject;
			attributes = {
				LastSwiftUpdateCheck = 1250;
				LastUpgradeCheck = 1250;
				TargetAttributes = {
					B985395926F4F29F00F368C6 = {
						CreatedOnToolsVersion = 12.5.1;
					};
					B985396F26F4F2A000F368C6 = {
						CreatedOnToolsVersion = 12.5.1;
						TestTargetID = B985395926F4F29F00F368C6;
					};
					B985397A26F4F2A000F368C6 = {
						CreatedOnToolsVersion = 12.5.1;
						TestTargetID = B985395926F4F29F00F368C6;
					};
				};
			};
			buildConfigurationList = B985395526F4F29F00F368C6 /* Build configuration list for PBXProject "LeBaluchon" */;
			compatibilityVersion = "Xcode 9.3";
			developmentRegion = en;
			hasScannedForEncodings = 0;
			knownRegions = (
				en,
				Base,
			);
			mainGroup = B985395126F4F29F00F368C6;
			productRefGroup = B985395B26F4F29F00F368C6 /* Products */;
			projectDirPath = "";
			projectRoot = "";
			targets = (
				B985395926F4F29F00F368C6 /* LeBaluchon */,
				B985396F26F4F2A000F368C6 /* LeBaluchonTests */,
				B985397A26F4F2A000F368C6 /* LeBaluchonUITests */,
			);
		};
/* End PBXProject section */

/* Begin PBXResourcesBuildPhase section */
		B985395826F4F29F00F368C6 /* Resources */ = {
			isa = PBXResourcesBuildPhase;
			buildActionMask = 2147483647;
			files = (
				B985396A26F4F2A000F368C6 /* LaunchScreen.storyboard in Resources */,
				B985396726F4F2A000F368C6 /* Assets.xcassets in Resources */,
				B985396526F4F29F00F368C6 /* Main.storyboard in Resources */,
			);
			runOnlyForDeploymentPostprocessing = 0;
		};
		B985396E26F4F2A000F368C6 /* Resources */ = {
			isa = PBXResourcesBuildPhase;
			buildActionMask = 2147483647;
			files = (
			);
			runOnlyForDeploymentPostprocessing = 0;
		};
		B985397926F4F2A000F368C6 /* Resources */ = {
			isa = PBXResourcesBuildPhase;
			buildActionMask = 2147483647;
			files = (
			);
			runOnlyForDeploymentPostprocessing = 0;
		};
/* End PBXResourcesBuildPhase section */

/* Begin PBXSourcesBuildPhase section */
		B985395626F4F29F00F368C6 /* Sources */ = {
			isa = PBXSourcesBuildPhase;
			buildActionMask = 2147483647;
			files = (
				B985396226F4F29F00F368C6 /* ViewController.swift in Sources */,
				B985395E26F4F29F00F368C6 /* AppDelegate.swift in Sources */,
				B985396026F4F29F00F368C6 /* SceneDelegate.swift in Sources */,
			);
			runOnlyForDeploymentPostprocessing = 0;
		};
		B985396C26F4F2A000F368C6 /* Sources */ = {
			isa = PBXSourcesBuildPhase;
			buildActionMask = 2147483647;
			files = (
				B985397526F4F2A000F368C6 /* LeBaluchonTests.swift in Sources */,
			);
			runOnlyForDeploymentPostprocessing = 0;
		};
		B985397726F4F2A000F368C6 /* Sources */ = {
			isa = PBXSourcesBuildPhase;
			buildActionMask = 2147483647;
			files = (
				B985398026F4F2A000F368C6 /* LeBaluchonUITests.swift in Sources */,
			);
			runOnlyForDeploymentPostprocessing = 0;
		};
/* End PBXSourcesBuildPhase section */

/* Begin PBXTargetDependency section */
		B985397226F4F2A000F368C6 /* PBXTargetDependency */ = {
			isa = PBXTargetDependency;
			target = B985395926F4F29F00F368C6 /* LeBaluchon */;
			targetProxy = B985397126F4F2A000F368C6 /* PBXContainerItemProxy */;
		};
		B985397D26F4F2A000F368C6 /* PBXTargetDependency */ = {
			isa = PBXTargetDependency;
			target = B985395926F4F29F00F368C6 /* LeBaluchon */;
			targetProxy = B985397C26F4F2A000F368C6 /* PBXContainerItemProxy */;
		};
/* End PBXTargetDependency section */

/* Begin PBXVariantGroup section */
		B985396326F4F29F00F368C6 /* Main.storyboard */ = {
			isa = PBXVariantGroup;
			children = (
				B985396426F4F29F00F368C6 /* Base */,
			);
			name = Main.storyboard;
			sourceTree = "<group>";
		};
		B985396826F4F2A000F368C6 /* LaunchScreen.storyboard */ = {
			isa = PBXVariantGroup;
			children = (
				B985396926F4F2A000F368C6 /* Base */,
			);
			name = LaunchScreen.storyboard;
			sourceTree = "<group>";
		};
/* End PBXVariantGroup section */

/* Begin XCBuildConfiguration section */
		B985398226F4F2A000F368C6 /* Debug */ = {
			isa = XCBuildConfiguration;
			buildSettings = {
				ALWAYS_SEARCH_USER_PATHS = NO;
				CLANG_ANALYZER_NONNULL = YES;
				CLANG_ANALYZER_NUMBER_OBJECT_CONVERSION = YES_AGGRESSIVE;
				CLANG_CXX_LANGUAGE_STANDARD = "gnu++14";
				CLANG_CXX_LIBRARY = "libc++";
				CLANG_ENABLE_MODULES = YES;
				CLANG_ENABLE_OBJC_ARC = YES;
				CLANG_ENABLE_OBJC_WEAK = YES;
				CLANG_WARN_BLOCK_CAPTURE_AUTORELEASING = YES;
				CLANG_WARN_BOOL_CONVERSION = YES;
				CLANG_WARN_COMMA = YES;
				CLANG_WARN_CONSTANT_CONVERSION = YES;
				CLANG_WARN_DEPRECATED_OBJC_IMPLEMENTATIONS = YES;
				CLANG_WARN_DIRECT_OBJC_ISA_USAGE = YES_ERROR;
				CLANG_WARN_DOCUMENTATION_COMMENTS = YES;
				CLANG_WARN_EMPTY_BODY = YES;
				CLANG_WARN_ENUM_CONVERSION = YES;
				CLANG_WARN_INFINITE_RECURSION = YES;
				CLANG_WARN_INT_CONVERSION = YES;
				CLANG_WARN_NON_LITERAL_NULL_CONVERSION = YES;
				CLANG_WARN_OBJC_IMPLICIT_RETAIN_SELF = YES;
				CLANG_WARN_OBJC_LITERAL_CONVERSION = YES;
				CLANG_WARN_OBJC_ROOT_CLASS = YES_ERROR;
				CLANG_WARN_QUOTED_INCLUDE_IN_FRAMEWORK_HEADER = YES;
				CLANG_WARN_RANGE_LOOP_ANALYSIS = YES;
				CLANG_WARN_STRICT_PROTOTYPES = YES;
				CLANG_WARN_SUSPICIOUS_MOVE = YES;
				CLANG_WARN_UNGUARDED_AVAILABILITY = YES_AGGRESSIVE;
				CLANG_WARN_UNREACHABLE_CODE = YES;
				CLANG_WARN__DUPLICATE_METHOD_MATCH = YES;
				COPY_PHASE_STRIP = NO;
				DEBUG_INFORMATION_FORMAT = dwarf;
				ENABLE_STRICT_OBJC_MSGSEND = YES;
				ENABLE_TESTABILITY = YES;
				GCC_C_LANGUAGE_STANDARD = gnu11;
				GCC_DYNAMIC_NO_PIC = NO;
				GCC_NO_COMMON_BLOCKS = YES;
				GCC_OPTIMIZATION_LEVEL = 0;
				GCC_PREPROCESSOR_DEFINITIONS = (
					"DEBUG=1",
					"$(inherited)",
				);
				GCC_WARN_64_TO_32_BIT_CONVERSION = YES;
				GCC_WARN_ABOUT_RETURN_TYPE = YES_ERROR;
				GCC_WARN_UNDECLARED_SELECTOR = YES;
				GCC_WARN_UNINITIALIZED_AUTOS = YES_AGGRESSIVE;
				GCC_WARN_UNUSED_FUNCTION = YES;
				GCC_WARN_UNUSED_VARIABLE = YES;
				IPHONEOS_DEPLOYMENT_TARGET = 14.5;
				MTL_ENABLE_DEBUG_INFO = INCLUDE_SOURCE;
				MTL_FAST_MATH = YES;
				ONLY_ACTIVE_ARCH = YES;
				SDKROOT = iphoneos;
				SWIFT_ACTIVE_COMPILATION_CONDITIONS = DEBUG;
				SWIFT_OPTIMIZATION_LEVEL = "-Onone";
			};
			name = Debug;
		};
		B985398326F4F2A000F368C6 /* Release */ = {
			isa = XCBuildConfiguration;
			buildSettings = {
				ALWAYS_SEARCH_USER_PATHS = NO;
				CLANG_ANALYZER_NONNULL = YES;
				CLANG_ANALYZER_NUMBER_OBJECT_CONVERSION = YES_AGGRESSIVE;
				CLANG_CXX_LANGUAGE_STANDARD = "gnu++14";
				CLANG_CXX_LIBRARY = "libc++";
				CLANG_ENABLE_MODULES = YES;
				CLANG_ENABLE_OBJC_ARC = YES;
				CLANG_ENABLE_OBJC_WEAK = YES;
				CLANG_WARN_BLOCK_CAPTURE_AUTORELEASING = YES;
				CLANG_WARN_BOOL_CONVERSION = YES;
				CLANG_WARN_COMMA = YES;
				CLANG_WARN_CONSTANT_CONVERSION = YES;
				CLANG_WARN_DEPRECATED_OBJC_IMPLEMENTATIONS = YES;
				CLANG_WARN_DIRECT_OBJC_ISA_USAGE = YES_ERROR;
				CLANG_WARN_DOCUMENTATION_COMMENTS = YES;
				CLANG_WARN_EMPTY_BODY = YES;
				CLANG_WARN_ENUM_CONVERSION = YES;
				CLANG_WARN_INFINITE_RECURSION = YES;
				CLANG_WARN_INT_CONVERSION = YES;
				CLANG_WARN_NON_LITERAL_NULL_CONVERSION = YES;
				CLANG_WARN_OBJC_IMPLICIT_RETAIN_SELF = YES;
				CLANG_WARN_OBJC_LITERAL_CONVERSION = YES;
				CLANG_WARN_OBJC_ROOT_CLASS = YES_ERROR;
				CLANG_WARN_QUOTED_INCLUDE_IN_FRAMEWORK_HEADER = YES;
				CLANG_WARN_RANGE_LOOP_ANALYSIS = YES;
				CLANG_WARN_STRICT_PROTOTYPES = YES;
				CLANG_WARN_SUSPICIOUS_MOVE = YES;
				CLANG_WARN_UNGUARDED_AVAILABILITY = YES_AGGRESSIVE;
				CLANG_WARN_UNREACHABLE_CODE = YES;
				CLANG_WARN__DUPLICATE_METHOD_MATCH = YES;
				COPY_PHASE_STRIP = NO;
				DEBUG_INFORMATION_FORMAT = "dwarf-with-dsym";
				ENABLE_NS_ASSERTIONS = NO;
				ENABLE_STRICT_OBJC_MSGSEND = YES;
				GCC_C_LANGUAGE_STANDARD = gnu11;
				GCC_NO_COMMON_BLOCKS = YES;
				GCC_WARN_64_TO_32_BIT_CONVERSION = YES;
				GCC_WARN_ABOUT_RETURN_TYPE = YES_ERROR;
				GCC_WARN_UNDECLARED_SELECTOR = YES;
				GCC_WARN_UNINITIALIZED_AUTOS = YES_AGGRESSIVE;
				GCC_WARN_UNUSED_FUNCTION = YES;
				GCC_WARN_UNUSED_VARIABLE = YES;
				IPHONEOS_DEPLOYMENT_TARGET = 14.5;
				MTL_ENABLE_DEBUG_INFO = NO;
				MTL_FAST_MATH = YES;
				SDKROOT = iphoneos;
				SWIFT_COMPILATION_MODE = wholemodule;
				SWIFT_OPTIMIZATION_LEVEL = "-O";
				VALIDATE_PRODUCT = YES;
			};
			name = Release;
		};
		B985398526F4F2A000F368C6 /* Debug */ = {
			isa = XCBuildConfiguration;
			buildSettings = {
				ASSETCATALOG_COMPILER_APPICON_NAME = AppIcon;
				ASSETCATALOG_COMPILER_GLOBAL_ACCENT_COLOR_NAME = AccentColor;
				CODE_SIGN_STYLE = Automatic;
				DEVELOPMENT_TEAM = BP4DYC4UP8;
				INFOPLIST_FILE = LeBaluchon/Info.plist;
				LD_RUNPATH_SEARCH_PATHS = (
					"$(inherited)",
					"@executable_path/Frameworks",
				);
				PRODUCT_BUNDLE_IDENTIFIER = com.keltoumB.LeBaluchon;
				PRODUCT_NAME = "$(TARGET_NAME)";
				SWIFT_VERSION = 5.0;
				TARGETED_DEVICE_FAMILY = "1,2";
			};
			name = Debug;
		};
		B985398626F4F2A000F368C6 /* Release */ = {
			isa = XCBuildConfiguration;
			buildSettings = {
				ASSETCATALOG_COMPILER_APPICON_NAME = AppIcon;
				ASSETCATALOG_COMPILER_GLOBAL_ACCENT_COLOR_NAME = AccentColor;
				CODE_SIGN_STYLE = Automatic;
				DEVELOPMENT_TEAM = BP4DYC4UP8;
				INFOPLIST_FILE = LeBaluchon/Info.plist;
				LD_RUNPATH_SEARCH_PATHS = (
					"$(inherited)",
					"@executable_path/Frameworks",
				);
				PRODUCT_BUNDLE_IDENTIFIER = com.keltoumB.LeBaluchon;
				PRODUCT_NAME = "$(TARGET_NAME)";
				SWIFT_VERSION = 5.0;
				TARGETED_DEVICE_FAMILY = "1,2";
			};
			name = Release;
		};
		B985398826F4F2A000F368C6 /* Debug */ = {
			isa = XCBuildConfiguration;
			buildSettings = {
				ALWAYS_EMBED_SWIFT_STANDARD_LIBRARIES = YES;
				BUNDLE_LOADER = "$(TEST_HOST)";
				CODE_SIGN_STYLE = Automatic;
				DEVELOPMENT_TEAM = BP4DYC4UP8;
				INFOPLIST_FILE = LeBaluchonTests/Info.plist;
				IPHONEOS_DEPLOYMENT_TARGET = 14.5;
				LD_RUNPATH_SEARCH_PATHS = (
					"$(inherited)",
					"@executable_path/Frameworks",
					"@loader_path/Frameworks",
				);
				PRODUCT_BUNDLE_IDENTIFIER = com.keltoumB.LeBaluchonTests;
				PRODUCT_NAME = "$(TARGET_NAME)";
				SWIFT_VERSION = 5.0;
				TARGETED_DEVICE_FAMILY = "1,2";
				TEST_HOST = "$(BUILT_PRODUCTS_DIR)/LeBaluchon.app/LeBaluchon";
			};
			name = Debug;
		};
		B985398926F4F2A000F368C6 /* Release */ = {
			isa = XCBuildConfiguration;
			buildSettings = {
				ALWAYS_EMBED_SWIFT_STANDARD_LIBRARIES = YES;
				BUNDLE_LOADER = "$(TEST_HOST)";
				CODE_SIGN_STYLE = Automatic;
				DEVELOPMENT_TEAM = BP4DYC4UP8;
				INFOPLIST_FILE = LeBaluchonTests/Info.plist;
				IPHONEOS_DEPLOYMENT_TARGET = 14.5;
				LD_RUNPATH_SEARCH_PATHS = (
					"$(inherited)",
					"@executable_path/Frameworks",
					"@loader_path/Frameworks",
				);
				PRODUCT_BUNDLE_IDENTIFIER = com.keltoumB.LeBaluchonTests;
				PRODUCT_NAME = "$(TARGET_NAME)";
				SWIFT_VERSION = 5.0;
				TARGETED_DEVICE_FAMILY = "1,2";
				TEST_HOST = "$(BUILT_PRODUCTS_DIR)/LeBaluchon.app/LeBaluchon";
			};
			name = Release;
		};
		B985398B26F4F2A000F368C6 /* Debug */ = {
			isa = XCBuildConfiguration;
			buildSettings = {
				ALWAYS_EMBED_SWIFT_STANDARD_LIBRARIES = YES;
				CODE_SIGN_STYLE = Automatic;
				DEVELOPMENT_TEAM = BP4DYC4UP8;
				INFOPLIST_FILE = LeBaluchonUITests/Info.plist;
				LD_RUNPATH_SEARCH_PATHS = (
					"$(inherited)",
					"@executable_path/Frameworks",
					"@loader_path/Frameworks",
				);
				PRODUCT_BUNDLE_IDENTIFIER = com.keltoumB.LeBaluchonUITests;
				PRODUCT_NAME = "$(TARGET_NAME)";
				SWIFT_VERSION = 5.0;
				TARGETED_DEVICE_FAMILY = "1,2";
				TEST_TARGET_NAME = LeBaluchon;
			};
			name = Debug;
		};
		B985398C26F4F2A000F368C6 /* Release */ = {
			isa = XCBuildConfiguration;
			buildSettings = {
				ALWAYS_EMBED_SWIFT_STANDARD_LIBRARIES = YES;
				CODE_SIGN_STYLE = Automatic;
				DEVELOPMENT_TEAM = BP4DYC4UP8;
				INFOPLIST_FILE = LeBaluchonUITests/Info.plist;
				LD_RUNPATH_SEARCH_PATHS = (
					"$(inherited)",
					"@executable_path/Frameworks",
					"@loader_path/Frameworks",
				);
				PRODUCT_BUNDLE_IDENTIFIER = com.keltoumB.LeBaluchonUITests;
				PRODUCT_NAME = "$(TARGET_NAME)";
				SWIFT_VERSION = 5.0;
				TARGETED_DEVICE_FAMILY = "1,2";
				TEST_TARGET_NAME = LeBaluchon;
			};
			name = Release;
		};
/* End XCBuildConfiguration section */

/* Begin XCConfigurationList section */
		B985395526F4F29F00F368C6 /* Build configuration list for PBXProject "LeBaluchon" */ = {
			isa = XCConfigurationList;
			buildConfigurations = (
				B985398226F4F2A000F368C6 /* Debug */,
				B985398326F4F2A000F368C6 /* Release */,
			);
			defaultConfigurationIsVisible = 0;
			defaultConfigurationName = Release;
		};
		B985398426F4F2A000F368C6 /* Build configuration list for PBXNativeTarget "LeBaluchon" */ = {
			isa = XCConfigurationList;
			buildConfigurations = (
				B985398526F4F2A000F368C6 /* Debug */,
				B985398626F4F2A000F368C6 /* Release */,
			);
			defaultConfigurationIsVisible = 0;
			defaultConfigurationName = Release;
		};
		B985398726F4F2A000F368C6 /* Build configuration list for PBXNativeTarget "LeBaluchonTests" */ = {
			isa = XCConfigurationList;
			buildConfigurations = (
				B985398826F4F2A000F368C6 /* Debug */,
				B985398926F4F2A000F368C6 /* Release */,
			);
			defaultConfigurationIsVisible = 0;
			defaultConfigurationName = Release;
		};
		B985398A26F4F2A000F368C6 /* Build configuration list for PBXNativeTarget "LeBaluchonUITests" */ = {
			isa = XCConfigurationList;
			buildConfigurations = (
				B985398B26F4F2A000F368C6 /* Debug */,
				B985398C26F4F2A000F368C6 /* Release */,
			);
			defaultConfigurationIsVisible = 0;
			defaultConfigurationName = Release;
		};
/* End XCConfigurationList section */
	};
	rootObject = B985395226F4F29F00F368C6 /* Project object */;
}
