// !$*UTF8*$!
{
	archiveVersion = 1;
	classes = {
	};
	objectVersion = 50;
	objects = {

/* Begin PBXBuildFile section */
		B997052E26F0D85800658C17 /* AppDelegate.swift in Sources */ = {isa = PBXBuildFile; fileRef = B997052D26F0D85800658C17 /* AppDelegate.swift */; };
		B997053026F0D85800658C17 /* SceneDelegate.swift in Sources */ = {isa = PBXBuildFile; fileRef = B997052F26F0D85800658C17 /* SceneDelegate.swift */; };
		B997053526F0D85800658C17 /* Main.storyboard in Resources */ = {isa = PBXBuildFile; fileRef = B997053326F0D85800658C17 /* Main.storyboard */; };
		B997053726F0D85A00658C17 /* Assets.xcassets in Resources */ = {isa = PBXBuildFile; fileRef = B997053626F0D85A00658C17 /* Assets.xcassets */; };
		B997053A26F0D85A00658C17 /* LaunchScreen.storyboard in Resources */ = {isa = PBXBuildFile; fileRef = B997053826F0D85A00658C17 /* LaunchScreen.storyboard */; };
		B997054A26F0E32D00658C17 /* Races.swift in Sources */ = {isa = PBXBuildFile; fileRef = B997054926F0E32D00658C17 /* Races.swift */; };
		B997054C26F0E73600658C17 /* WelcomeViewController.swift in Sources */ = {isa = PBXBuildFile; fileRef = B997054B26F0E73600658C17 /* WelcomeViewController.swift */; };
		B997054E26F0EA6700658C17 /* FormViewController.swift in Sources */ = {isa = PBXBuildFile; fileRef = B997054D26F0EA6700658C17 /* FormViewController.swift */; };
		B997055026F0EACE00658C17 /* SuccessViewController.swift in Sources */ = {isa = PBXBuildFile; fileRef = B997054F26F0EACE00658C17 /* SuccessViewController.swift */; };
		B997055226F0F7EC00658C17 /* WelcomeCatViewController.swift in Sources */ = {isa = PBXBuildFile; fileRef = B997055126F0F7EC00658C17 /* WelcomeCatViewController.swift */; };
		B997055426F0F81200658C17 /* FormCatViewController.swift in Sources */ = {isa = PBXBuildFile; fileRef = B997055326F0F81200658C17 /* FormCatViewController.swift */; };
		B997055626F0F84100658C17 /* SuccessCatViewController.swift in Sources */ = {isa = PBXBuildFile; fileRef = B997055526F0F84100658C17 /* SuccessCatViewController.swift */; };
/* End PBXBuildFile section */

/* Begin PBXFileReference section */
		B997052A26F0D85800658C17 /* miawouf.app */ = {isa = PBXFileReference; explicitFileType = wrapper.application; includeInIndex = 0; path = miawouf.app; sourceTree = BUILT_PRODUCTS_DIR; };
		B997052D26F0D85800658C17 /* AppDelegate.swift */ = {isa = PBXFileReference; lastKnownFileType = sourcecode.swift; path = AppDelegate.swift; sourceTree = "<group>"; };
		B997052F26F0D85800658C17 /* SceneDelegate.swift */ = {isa = PBXFileReference; lastKnownFileType = sourcecode.swift; path = SceneDelegate.swift; sourceTree = "<group>"; };
		B997053426F0D85800658C17 /* Base */ = {isa = PBXFileReference; lastKnownFileType = file.storyboard; name = Base; path = Base.lproj/Main.storyboard; sourceTree = "<group>"; };
		B997053626F0D85A00658C17 /* Assets.xcassets */ = {isa = PBXFileReference; lastKnownFileType = folder.assetcatalog; path = Assets.xcassets; sourceTree = "<group>"; };
		B997053926F0D85A00658C17 /* Base */ = {isa = PBXFileReference; lastKnownFileType = file.storyboard; name = Base; path = Base.lproj/LaunchScreen.storyboard; sourceTree = "<group>"; };
		B997053B26F0D85A00658C17 /* Info.plist */ = {isa = PBXFileReference; lastKnownFileType = text.plist.xml; path = Info.plist; sourceTree = "<group>"; };
		B997054926F0E32D00658C17 /* Races.swift */ = {isa = PBXFileReference; fileEncoding = 4; lastKnownFileType = sourcecode.swift; path = Races.swift; sourceTree = "<group>"; };
		B997054B26F0E73600658C17 /* WelcomeViewController.swift */ = {isa = PBXFileReference; lastKnownFileType = sourcecode.swift; name = WelcomeViewController.swift; path = miawouf/Controller/WelcomeViewController.swift; sourceTree = SOURCE_ROOT; };
		B997054D26F0EA6700658C17 /* FormViewController.swift */ = {isa = PBXFileReference; lastKnownFileType = sourcecode.swift; path = FormViewController.swift; sourceTree = "<group>"; };
		B997054F26F0EACE00658C17 /* SuccessViewController.swift */ = {isa = PBXFileReference; lastKnownFileType = sourcecode.swift; name = SuccessViewController.swift; path = miawouf/Controller/SuccessViewController.swift; sourceTree = SOURCE_ROOT; };
		B997055126F0F7EC00658C17 /* WelcomeCatViewController.swift */ = {isa = PBXFileReference; lastKnownFileType = sourcecode.swift; name = WelcomeCatViewController.swift; path = miawouf/Controller/WelcomeCatViewController.swift; sourceTree = SOURCE_ROOT; };
		B997055326F0F81200658C17 /* FormCatViewController.swift */ = {isa = PBXFileReference; lastKnownFileType = sourcecode.swift; path = FormCatViewController.swift; sourceTree = "<group>"; };
		B997055526F0F84100658C17 /* SuccessCatViewController.swift */ = {isa = PBXFileReference; lastKnownFileType = sourcecode.swift; name = SuccessCatViewController.swift; path = miawouf/View/SuccessCatViewController.swift; sourceTree = SOURCE_ROOT; };
/* End PBXFileReference section */

/* Begin PBXFrameworksBuildPhase section */
		B997052726F0D85800658C17 /* Frameworks */ = {
			isa = PBXFrameworksBuildPhase;
			buildActionMask = 2147483647;
			files = (
			);
			runOnlyForDeploymentPostprocessing = 0;
		};
/* End PBXFrameworksBuildPhase section */

/* Begin PBXGroup section */
		B997052126F0D85800658C17 = {
			isa = PBXGroup;
			children = (
				B997052C26F0D85800658C17 /* miawouf */,
				B997052B26F0D85800658C17 /* Products */,
			);
			sourceTree = "<group>";
		};
		B997052B26F0D85800658C17 /* Products */ = {
			isa = PBXGroup;
			children = (
				B997052A26F0D85800658C17 /* miawouf.app */,
			);
			name = Products;
			sourceTree = "<group>";
		};
		B997052C26F0D85800658C17 /* miawouf */ = {
			isa = PBXGroup;
			children = (
				B997054526F0E0E500658C17 /* Model */,
				B997054626F0E0EA00658C17 /* View */,
				B997054726F0E0F000658C17 /* Controller */,
				B997054826F0E0F900658C17 /* Support Files */,
			);
			path = miawouf;
			sourceTree = "<group>";
		};
		B997054526F0E0E500658C17 /* Model */ = {
			isa = PBXGroup;
			children = (
				B997054926F0E32D00658C17 /* Races.swift */,
			);
			path = Model;
			sourceTree = "<group>";
		};
		B997054626F0E0EA00658C17 /* View */ = {
			isa = PBXGroup;
			children = (
				B997053826F0D85A00658C17 /* LaunchScreen.storyboard */,
				B997053326F0D85800658C17 /* Main.storyboard */,
			);
			path = View;
			sourceTree = "<group>";
		};
		B997054726F0E0F000658C17 /* Controller */ = {
			isa = PBXGroup;
			children = (
				B997055526F0F84100658C17 /* SuccessCatViewController.swift */,
				B997055326F0F81200658C17 /* FormCatViewController.swift */,
				B997055126F0F7EC00658C17 /* WelcomeCatViewController.swift */,
				B997054F26F0EACE00658C17 /* SuccessViewController.swift */,
				B997054D26F0EA6700658C17 /* FormViewController.swift */,
				B997054B26F0E73600658C17 /* WelcomeViewController.swift */,
			);
			path = Controller;
			sourceTree = "<group>";
		};
		B997054826F0E0F900658C17 /* Support Files */ = {
			isa = PBXGroup;
			children = (
				B997052D26F0D85800658C17 /* AppDelegate.swift */,
				B997052F26F0D85800658C17 /* SceneDelegate.swift */,
				B997053626F0D85A00658C17 /* Assets.xcassets */,
				B997053B26F0D85A00658C17 /* Info.plist */,
			);
			path = "Support Files";
			sourceTree = "<group>";
		};
/* End PBXGroup section */

/* Begin PBXNativeTarget section */
		B997052926F0D85800658C17 /* miawouf */ = {
			isa = PBXNativeTarget;
			buildConfigurationList = B997053E26F0D85A00658C17 /* Build configuration list for PBXNativeTarget "miawouf" */;
			buildPhases = (
				B997052626F0D85800658C17 /* Sources */,
				B997052726F0D85800658C17 /* Frameworks */,
				B997052826F0D85800658C17 /* Resources */,
			);
			buildRules = (
			);
			dependencies = (
			);
			name = miawouf;
			productName = miawouf;
			productReference = B997052A26F0D85800658C17 /* miawouf.app */;
			productType = "com.apple.product-type.application";
		};
/* End PBXNativeTarget section */

/* Begin PBXProject section */
		B997052226F0D85800658C17 /* Project object */ = {
			isa = PBXProject;
			attributes = {
				LastSwiftUpdateCheck = 1250;
				LastUpgradeCheck = 1250;
				TargetAttributes = {
					B997052926F0D85800658C17 = {
						CreatedOnToolsVersion = 12.5.1;
					};
				};
			};
			buildConfigurationList = B997052526F0D85800658C17 /* Build configuration list for PBXProject "miawouf" */;
			compatibilityVersion = "Xcode 9.3";
			developmentRegion = en;
			hasScannedForEncodings = 0;
			knownRegions = (
				en,
				Base,
			);
			mainGroup = B997052126F0D85800658C17;
			productRefGroup = B997052B26F0D85800658C17 /* Products */;
			projectDirPath = "";
			projectRoot = "";
			targets = (
				B997052926F0D85800658C17 /* miawouf */,
			);
		};
/* End PBXProject section */

/* Begin PBXResourcesBuildPhase section */
		B997052826F0D85800658C17 /* Resources */ = {
			isa = PBXResourcesBuildPhase;
			buildActionMask = 2147483647;
			files = (
				B997053A26F0D85A00658C17 /* LaunchScreen.storyboard in Resources */,
				B997053726F0D85A00658C17 /* Assets.xcassets in Resources */,
				B997053526F0D85800658C17 /* Main.storyboard in Resources */,
			);
			runOnlyForDeploymentPostprocessing = 0;
		};
/* End PBXResourcesBuildPhase section */

/* Begin PBXSourcesBuildPhase section */
		B997052626F0D85800658C17 /* Sources */ = {
			isa = PBXSourcesBuildPhase;
			buildActionMask = 2147483647;
			files = (
				B997052E26F0D85800658C17 /* AppDelegate.swift in Sources */,
				B997055626F0F84100658C17 /* SuccessCatViewController.swift in Sources */,
				B997055426F0F81200658C17 /* FormCatViewController.swift in Sources */,
				B997055226F0F7EC00658C17 /* WelcomeCatViewController.swift in Sources */,
				B997054C26F0E73600658C17 /* WelcomeViewController.swift in Sources */,
				B997053026F0D85800658C17 /* SceneDelegate.swift in Sources */,
				B997054E26F0EA6700658C17 /* FormViewController.swift in Sources */,
				B997055026F0EACE00658C17 /* SuccessViewController.swift in Sources */,
				B997054A26F0E32D00658C17 /* Races.swift in Sources */,
			);
			runOnlyForDeploymentPostprocessing = 0;
		};
/* End PBXSourcesBuildPhase section */

/* Begin PBXVariantGroup section */
		B997053326F0D85800658C17 /* Main.storyboard */ = {
			isa = PBXVariantGroup;
			children = (
				B997053426F0D85800658C17 /* Base */,
			);
			name = Main.storyboard;
			sourceTree = "<group>";
		};
		B997053826F0D85A00658C17 /* LaunchScreen.storyboard */ = {
			isa = PBXVariantGroup;
			children = (
				B997053926F0D85A00658C17 /* Base */,
			);
			name = LaunchScreen.storyboard;
			sourceTree = "<group>";
		};
/* End PBXVariantGroup section */

/* Begin XCBuildConfiguration section */
		B997053C26F0D85A00658C17 /* Debug */ = {
			isa = XCBuildConfiguration;
			buildSettings = {
				ALWAYS_SEARCH_USER_PATHS = NO;
				CLANG_ANALYZER_NONNULL = YES;
				CLANG_ANALYZER_NUMBER_OBJECT_CONVERSION = YES_AGGRESSIVE;
				CLANG_CXX_LANGUAGE_STANDARD = "gnu++14";
				CLANG_CXX_LIBRARY = "libc++";
				CLANG_ENABLE_MODULES = YES;
				CLANG_ENABLE_OBJC_ARC = YES;
				CLANG_ENABLE_OBJC_WEAK = YES;
				CLANG_WARN_BLOCK_CAPTURE_AUTORELEASING = YES;
				CLANG_WARN_BOOL_CONVERSION = YES;
				CLANG_WARN_COMMA = YES;
				CLANG_WARN_CONSTANT_CONVERSION = YES;
				CLANG_WARN_DEPRECATED_OBJC_IMPLEMENTATIONS = YES;
				CLANG_WARN_DIRECT_OBJC_ISA_USAGE = YES_ERROR;
				CLANG_WARN_DOCUMENTATION_COMMENTS = YES;
				CLANG_WARN_EMPTY_BODY = YES;
				CLANG_WARN_ENUM_CONVERSION = YES;
				CLANG_WARN_INFINITE_RECURSION = YES;
				CLANG_WARN_INT_CONVERSION = YES;
				CLANG_WARN_NON_LITERAL_NULL_CONVERSION = YES;
				CLANG_WARN_OBJC_IMPLICIT_RETAIN_SELF = YES;
				CLANG_WARN_OBJC_LITERAL_CONVERSION = YES;
				CLANG_WARN_OBJC_ROOT_CLASS = YES_ERROR;
				CLANG_WARN_QUOTED_INCLUDE_IN_FRAMEWORK_HEADER = YES;
				CLANG_WARN_RANGE_LOOP_ANALYSIS = YES;
				CLANG_WARN_STRICT_PROTOTYPES = YES;
				CLANG_WARN_SUSPICIOUS_MOVE = YES;
				CLANG_WARN_UNGUARDED_AVAILABILITY = YES_AGGRESSIVE;
				CLANG_WARN_UNREACHABLE_CODE = YES;
				CLANG_WARN__DUPLICATE_METHOD_MATCH = YES;
				COPY_PHASE_STRIP = NO;
				DEBUG_INFORMATION_FORMAT = dwarf;
				ENABLE_STRICT_OBJC_MSGSEND = YES;
				ENABLE_TESTABILITY = YES;
				GCC_C_LANGUAGE_STANDARD = gnu11;
				GCC_DYNAMIC_NO_PIC = NO;
				GCC_NO_COMMON_BLOCKS = YES;
				GCC_OPTIMIZATION_LEVEL = 0;
				GCC_PREPROCESSOR_DEFINITIONS = (
					"DEBUG=1",
					"$(inherited)",
				);
				GCC_WARN_64_TO_32_BIT_CONVERSION = YES;
				GCC_WARN_ABOUT_RETURN_TYPE = YES_ERROR;
				GCC_WARN_UNDECLARED_SELECTOR = YES;
				GCC_WARN_UNINITIALIZED_AUTOS = YES_AGGRESSIVE;
				GCC_WARN_UNUSED_FUNCTION = YES;
				GCC_WARN_UNUSED_VARIABLE = YES;
				IPHONEOS_DEPLOYMENT_TARGET = 14.5;
				MTL_ENABLE_DEBUG_INFO = INCLUDE_SOURCE;
				MTL_FAST_MATH = YES;
				ONLY_ACTIVE_ARCH = YES;
				SDKROOT = iphoneos;
				SWIFT_ACTIVE_COMPILATION_CONDITIONS = DEBUG;
				SWIFT_OPTIMIZATION_LEVEL = "-Onone";
			};
			name = Debug;
		};
		B997053D26F0D85A00658C17 /* Release */ = {
			isa = XCBuildConfiguration;
			buildSettings = {
				ALWAYS_SEARCH_USER_PATHS = NO;
				CLANG_ANALYZER_NONNULL = YES;
				CLANG_ANALYZER_NUMBER_OBJECT_CONVERSION = YES_AGGRESSIVE;
				CLANG_CXX_LANGUAGE_STANDARD = "gnu++14";
				CLANG_CXX_LIBRARY = "libc++";
				CLANG_ENABLE_MODULES = YES;
				CLANG_ENABLE_OBJC_ARC = YES;
				CLANG_ENABLE_OBJC_WEAK = YES;
				CLANG_WARN_BLOCK_CAPTURE_AUTORELEASING = YES;
				CLANG_WARN_BOOL_CONVERSION = YES;
				CLANG_WARN_COMMA = YES;
				CLANG_WARN_CONSTANT_CONVERSION = YES;
				CLANG_WARN_DEPRECATED_OBJC_IMPLEMENTATIONS = YES;
				CLANG_WARN_DIRECT_OBJC_ISA_USAGE = YES_ERROR;
				CLANG_WARN_DOCUMENTATION_COMMENTS = YES;
				CLANG_WARN_EMPTY_BODY = YES;
				CLANG_WARN_ENUM_CONVERSION = YES;
				CLANG_WARN_INFINITE_RECURSION = YES;
				CLANG_WARN_INT_CONVERSION = YES;
				CLANG_WARN_NON_LITERAL_NULL_CONVERSION = YES;
				CLANG_WARN_OBJC_IMPLICIT_RETAIN_SELF = YES;
				CLANG_WARN_OBJC_LITERAL_CONVERSION = YES;
				CLANG_WARN_OBJC_ROOT_CLASS = YES_ERROR;
				CLANG_WARN_QUOTED_INCLUDE_IN_FRAMEWORK_HEADER = YES;
				CLANG_WARN_RANGE_LOOP_ANALYSIS = YES;
				CLANG_WARN_STRICT_PROTOTYPES = YES;
				CLANG_WARN_SUSPICIOUS_MOVE = YES;
				CLANG_WARN_UNGUARDED_AVAILABILITY = YES_AGGRESSIVE;
				CLANG_WARN_UNREACHABLE_CODE = YES;
				CLANG_WARN__DUPLICATE_METHOD_MATCH = YES;
				COPY_PHASE_STRIP = NO;
				DEBUG_INFORMATION_FORMAT = "dwarf-with-dsym";
				ENABLE_NS_ASSERTIONS = NO;
				ENABLE_STRICT_OBJC_MSGSEND = YES;
				GCC_C_LANGUAGE_STANDARD = gnu11;
				GCC_NO_COMMON_BLOCKS = YES;
				GCC_WARN_64_TO_32_BIT_CONVERSION = YES;
				GCC_WARN_ABOUT_RETURN_TYPE = YES_ERROR;
				GCC_WARN_UNDECLARED_SELECTOR = YES;
				GCC_WARN_UNINITIALIZED_AUTOS = YES_AGGRESSIVE;
				GCC_WARN_UNUSED_FUNCTION = YES;
				GCC_WARN_UNUSED_VARIABLE = YES;
				IPHONEOS_DEPLOYMENT_TARGET = 14.5;
				MTL_ENABLE_DEBUG_INFO = NO;
				MTL_FAST_MATH = YES;
				SDKROOT = iphoneos;
				SWIFT_COMPILATION_MODE = wholemodule;
				SWIFT_OPTIMIZATION_LEVEL = "-O";
				VALIDATE_PRODUCT = YES;
			};
			name = Release;
		};
		B997053F26F0D85A00658C17 /* Debug */ = {
			isa = XCBuildConfiguration;
			buildSettings = {
				ASSETCATALOG_COMPILER_APPICON_NAME = AppIcon;
				ASSETCATALOG_COMPILER_GLOBAL_ACCENT_COLOR_NAME = AccentColor;
				CODE_SIGN_STYLE = Automatic;
				DEVELOPMENT_TEAM = BP4DYC4UP8;
				INFOPLIST_FILE = "$(SRCROOT)/miawouf/Support Files/Info.plist";
				LD_RUNPATH_SEARCH_PATHS = (
					"$(inherited)",
					"@executable_path/Frameworks",
				);
				PRODUCT_BUNDLE_IDENTIFIER = com.keltoumB.miawouf;
				PRODUCT_NAME = "$(TARGET_NAME)";
				SWIFT_VERSION = 5.0;
				TARGETED_DEVICE_FAMILY = "1,2";
			};
			name = Debug;
		};
		B997054026F0D85A00658C17 /* Release */ = {
			isa = XCBuildConfiguration;
			buildSettings = {
				ASSETCATALOG_COMPILER_APPICON_NAME = AppIcon;
				ASSETCATALOG_COMPILER_GLOBAL_ACCENT_COLOR_NAME = AccentColor;
				CODE_SIGN_STYLE = Automatic;
				DEVELOPMENT_TEAM = BP4DYC4UP8;
				INFOPLIST_FILE = "$(SRCROOT)/miawouf/Support Files/Info.plist";
				LD_RUNPATH_SEARCH_PATHS = (
					"$(inherited)",
					"@executable_path/Frameworks",
				);
				PRODUCT_BUNDLE_IDENTIFIER = com.keltoumB.miawouf;
				PRODUCT_NAME = "$(TARGET_NAME)";
				SWIFT_VERSION = 5.0;
				TARGETED_DEVICE_FAMILY = "1,2";
			};
			name = Release;
		};
/* End XCBuildConfiguration section */

/* Begin XCConfigurationList section */
		B997052526F0D85800658C17 /* Build configuration list for PBXProject "miawouf" */ = {
			isa = XCConfigurationList;
			buildConfigurations = (
				B997053C26F0D85A00658C17 /* Debug */,
				B997053D26F0D85A00658C17 /* Release */,
			);
			defaultConfigurationIsVisible = 0;
			defaultConfigurationName = Release;
		};
		B997053E26F0D85A00658C17 /* Build configuration list for PBXNativeTarget "miawouf" */ = {
			isa = XCConfigurationList;
			buildConfigurations = (
				B997053F26F0D85A00658C17 /* Debug */,
				B997054026F0D85A00658C17 /* Release */,
			);
			defaultConfigurationIsVisible = 0;
			defaultConfigurationName = Release;
		};
/* End XCConfigurationList section */
	};
	rootObject = B997052226F0D85800658C17 /* Project object */;
}
